
Microsoft Visual Studio Solution File, Format Version 12.00
# Visual Studio Version 16
VisualStudioVersion = 16.0.31729.503
MinimumVisualStudioVersion = 10.0.40219.1
Project("{9A19103F-16F7-4668-BE54-9A1E7A4F7556}") = "TarsOffice", "TarsOffice\TarsOffice.csproj", "{42A0B6A7-9D50-4A53-8BCC-B6560A447423}"
EndProject
Project("{2150E333-8FDC-42A3-9474-1A3956D46DE8}") = "Files", "Files", "{CAB93AA3-FA44-41CC-967E-85026B673BAD}"
	ProjectSection(SolutionItems) = preProject
		Readme.md = Readme.md
	EndProjectSection
EndProject
Global
	GlobalSection(SolutionConfigurationPlatforms) = preSolution
		Debug|Any CPU = Debug|Any CPU
		Release|Any CPU = Release|Any CPU
	EndGlobalSection
	GlobalSection(ProjectConfigurationPlatforms) = postSolution
		{42A0B6A7-9D50-4A53-8BCC-B6560A447423}.Debug|Any CPU.ActiveCfg = Debug|Any CPU
		{42A0B6A7-9D50-4A53-8BCC-B6560A447423}.Debug|Any CPU.Build.0 = Debug|Any CPU
		{42A0B6A7-9D50-4A53-8BCC-B6560A447423}.Release|Any CPU.ActiveCfg = Release|Any CPU
		{42A0B6A7-9D50-4A53-8BCC-B6560A447423}.Release|Any CPU.Build.0 = Release|Any CPU
	EndGlobalSection
	GlobalSection(SolutionProperties) = preSolution
		HideSolutionNode = FALSE
	EndGlobalSection
	GlobalSection(ExtensibilityGlobals) = postSolution
		SolutionGuid = {CBB2CDC2-CC9C-4D94-9860-DE914FB5FE37}
	EndGlobalSection
EndGlobal
